{
  "name": "sibling-facet-proof",
  "lockfileVersion": 3,
  "requires": true,
  "packages": {
    "": {
      "name": "sibling-facet-proof",
      "workspaces": [
        "backend",
        "modules/fitness/public",
        "modules/fitness/server",
        "modules/fitness/web",
        "modules/fitness/cli"
      ]
    },
    "backend": {
      "name": "@proof/backend",
      "dependencies": {
        "@proof/fitness": "0.0.0"
      }
    },
    "modules/fitness/cli": {
      "name": "@proof/fitness-cli",
      "version": "0.0.0",
      "dependencies": {
        "@probe/timezone": "file:__ANCESTOR_ROOT__/tarballs/probe-timezone-0.5.46.tgz"
      }
    },
    "modules/fitness/cli/node_modules/@probe/timezone": {
      "version": "0.5.46",
      "resolved": "file:../daylight-facet-probe.8ZQNCF/tarballs/probe-timezone-0.5.46.tgz",
      "integrity": "sha512-x6pV83D4FHrld5esdK9clNx7m9DLyOU9qqlxx6huYejgiUWu/x3/6IYHbsBFwUDeVD55vu/CoWTEqYVD8WMuZg==",
      "dependencies": {
        "@probe/mutable": "file:__ANCESTOR_ROOT__/tarballs/probe-mutable-2.30.1.tgz"
      }
    },
    "modules/fitness/cli/node_modules/@probe/timezone/node_modules/@probe/mutable": {
      "version": "2.30.1",
      "resolved": "file:../daylight-facet-probe.8ZQNCF/tarballs/probe-mutable-2.30.1.tgz",
      "integrity": "sha512-zp/k6/sr4OCUuGzQX2oKu8+9PcVapooT2480i+DsrMLMS3BJ/1V4jQkHVv9/22O2VARKgzxzP2Yz4KGoEes8lg=="
    },
    "modules/fitness/public": {
      "name": "@proof/fitness",
      "version": "0.0.0",
      "dependencies": {
        "@proof/fitness-cli": "0.0.0",
        "@proof/fitness-server": "0.0.0",
        "@proof/fitness-web": "0.0.0"
      }
    },
    "modules/fitness/server": {
      "name": "@proof/fitness-server",
      "version": "0.0.0",
      "dependencies": {
        "@probe/timezone": "file:__ANCESTOR_ROOT__/tarballs/probe-timezone-0.6.0.tgz"
      }
    },
    "modules/fitness/server/node_modules/@probe/timezone": {
      "version": "0.6.0",
      "resolved": "file:../daylight-facet-probe.8ZQNCF/tarballs/probe-timezone-0.6.0.tgz",
      "integrity": "sha512-xtL/+iSJHrgWdghd1qHxfcfEis5chWzRZoJfkUCWvhrNk8vCU3RMU5s9L9oxvzcLaipP3yiAXf4fC9VrLr8e5A==",
      "dependencies": {
        "@probe/mutable": "file:__ANCESTOR_ROOT__/tarballs/probe-mutable-2.30.1.tgz"
      }
    },
    "modules/fitness/server/node_modules/@probe/timezone/node_modules/@probe/mutable": {
      "version": "2.30.1",
      "resolved": "file:../daylight-facet-probe.8ZQNCF/tarballs/probe-mutable-2.30.1.tgz",
      "integrity": "sha512-zp/k6/sr4OCUuGzQX2oKu8+9PcVapooT2480i+DsrMLMS3BJ/1V4jQkHVv9/22O2VARKgzxzP2Yz4KGoEes8lg=="
    },
    "modules/fitness/web": {
      "name": "@proof/fitness-web",
      "version": "0.0.0",
      "dependencies": {
        "@probe/timezone": "file:__ANCESTOR_ROOT__/tarballs/probe-timezone-0.5.47.tgz"
      }
    },
    "modules/fitness/web/node_modules/@probe/timezone": {
      "version": "0.5.47",
      "resolved": "file:../daylight-facet-probe.8ZQNCF/tarballs/probe-timezone-0.5.47.tgz",
      "integrity": "sha512-2Um8pWg3yf2iLtq+sluIyr1dUu1CafJjQ6uck9Ib4p0ATSvf13npVxshi0dpe7KL7LpFko3bqFv/UXAFDChLEg==",
      "dependencies": {
        "@probe/mutable": "file:__ANCESTOR_ROOT__/tarballs/probe-mutable-2.30.1.tgz"
      }
    },
    "modules/fitness/web/node_modules/@probe/timezone/node_modules/@probe/mutable": {
      "version": "2.30.1",
      "resolved": "file:../daylight-facet-probe.8ZQNCF/tarballs/probe-mutable-2.30.1.tgz",
      "integrity": "sha512-zp/k6/sr4OCUuGzQX2oKu8+9PcVapooT2480i+DsrMLMS3BJ/1V4jQkHVv9/22O2VARKgzxzP2Yz4KGoEes8lg=="
    },
    "node_modules/@proof/backend": {
      "resolved": "backend",
      "link": true
    },
    "node_modules/@proof/fitness": {
      "resolved": "modules/fitness/public",
      "link": true
    },
    "node_modules/@proof/fitness-cli": {
      "resolved": "modules/fitness/cli",
      "link": true
    },
    "node_modules/@proof/fitness-server": {
      "resolved": "modules/fitness/server",
      "link": true
    },
    "node_modules/@proof/fitness-web": {
      "resolved": "modules/fitness/web",
      "link": true
    }
  }
}
